
Microsoft Visual Studio Solution File, Format Version 12.00
# Visual Studio Version 16
VisualStudioVersion = 16.0.29503.13
MinimumVisualStudioVersion = 10.0.40219.1
Project("{FAE04EC0-301F-11D3-BF4B-00C04F79EFBC}") = "Reederei", "Reederei\Reederei.csproj", "{63F46358-9B3E-411B-8767-43A97C491856}"
EndProject
Global
	GlobalSection(SolutionConfigurationPlatforms) = preSolution
		Debug|Any CPU = Debug|Any CPU
		Release|Any CPU = Release|Any CPU
	EndGlobalSection
	GlobalSection(ProjectConfigurationPlatforms) = postSolution
		{63F46358-9B3E-411B-8767-43A97C491856}.Debug|Any CPU.ActiveCfg = Debug|Any CPU
		{63F46358-9B3E-411B-8767-43A97C491856}.Debug|Any CPU.Build.0 = Debug|Any CPU
		{63F46358-9B3E-411B-8767-43A97C491856}.Release|Any CPU.ActiveCfg = Release|Any CPU
		{63F46358-9B3E-411B-8767-43A97C491856}.Release|Any CPU.Build.0 = Release|Any CPU
	EndGlobalSection
	GlobalSection(SolutionProperties) = preSolution
		HideSolutionNode = FALSE
	EndGlobalSection
	GlobalSection(ExtensibilityGlobals) = postSolution
		SolutionGuid = {98CD0B08-4301-4CEF-AD1D-C5E62ADDAEAD}
	EndGlobalSection
EndGlobal
